
Microsoft Visual Studio Solution File, Format Version 12.00
# Visual Studio Version 16
VisualStudioVersion = 16.0.31911.196
MinimumVisualStudioVersion = 10.0.40219.1
Project("{FAE04EC0-301F-11D3-BF4B-00C04F79EFBC}") = "CodingChallenges", "CodingChallenges\CodingChallenges.csproj", "{60BDA5A2-B141-4110-977E-1774BD514EA7}"
EndProject
Global
	GlobalSection(SolutionConfigurationPlatforms) = preSolution
		Debug|Any CPU = Debug|Any CPU
		Release|Any CPU = Release|Any CPU
	EndGlobalSection
	GlobalSection(ProjectConfigurationPlatforms) = postSolution
		{60BDA5A2-B141-4110-977E-1774BD514EA7}.Debug|Any CPU.ActiveCfg = Debug|Any CPU
		{60BDA5A2-B141-4110-977E-1774BD514EA7}.Debug|Any CPU.Build.0 = Debug|Any CPU
		{60BDA5A2-B141-4110-977E-1774BD514EA7}.Release|Any CPU.ActiveCfg = Release|Any CPU
		{60BDA5A2-B141-4110-977E-1774BD514EA7}.Release|Any CPU.Build.0 = Release|Any CPU
	EndGlobalSection
	GlobalSection(SolutionProperties) = preSolution
		HideSolutionNode = FALSE
	EndGlobalSection
	GlobalSection(ExtensibilityGlobals) = postSolution
		SolutionGuid = {5C3A4F86-DAA3-4093-B6C9-726896F3BFCA}
	EndGlobalSection
EndGlobal
